
Microsoft Visual Studio Solution File, Format Version 12.00
Project("{FAE04EC0-301F-11D3-BF4B-00C04F79EFBC}") = "AOC2020", "AOC2020.csproj", "{9BF7D19A-6D02-4EDE-9D88-4CC429589BB2}"
EndProject
Global
	GlobalSection(SolutionConfigurationPlatforms) = preSolution
		Debug|Any CPU = Debug|Any CPU
		Release|Any CPU = Release|Any CPU
	EndGlobalSection
	GlobalSection(ProjectConfigurationPlatforms) = postSolution
		{9BF7D19A-6D02-4EDE-9D88-4CC429589BB2}.Debug|Any CPU.ActiveCfg = Debug|Any CPU
		{9BF7D19A-6D02-4EDE-9D88-4CC429589BB2}.Debug|Any CPU.Build.0 = Debug|Any CPU
		{9BF7D19A-6D02-4EDE-9D88-4CC429589BB2}.Release|Any CPU.ActiveCfg = Release|Any CPU
		{9BF7D19A-6D02-4EDE-9D88-4CC429589BB2}.Release|Any CPU.Build.0 = Release|Any CPU
	EndGlobalSection
EndGlobal
